
Microsoft Visual Studio Solution File, Format Version 12.00
# Visual Studio 15
Project("{FAE04EC0-301F-11D3-BF4B-00C04F79EFBC}") = "VuforiaScripts", "VuforiaScripts.csproj", "{3FBF3CA9-C815-7AEE-3B20-5DE38D9C5EA3}"
EndProject
Project("{FAE04EC0-301F-11D3-BF4B-00C04F79EFBC}") = "Assembly-CSharp", "Assembly-CSharp.csproj", "{7E1CF662-42D1-500F-F1C7-2975DF51FCFD}"
EndProject
Project("{FAE04EC0-301F-11D3-BF4B-00C04F79EFBC}") = "VuforiaEditorScripts", "VuforiaEditorScripts.csproj", "{655FABA1-4D68-67E6-402E-4D2E88369954}"
EndProject
Global
	GlobalSection(SolutionConfigurationPlatforms) = preSolution
		Debug|Any CPU = Debug|Any CPU
		Release|Any CPU = Release|Any CPU
	EndGlobalSection
	GlobalSection(ProjectConfigurationPlatforms) = postSolution
		{3FBF3CA9-C815-7AEE-3B20-5DE38D9C5EA3}.Debug|Any CPU.ActiveCfg = Debug|Any CPU
		{3FBF3CA9-C815-7AEE-3B20-5DE38D9C5EA3}.Debug|Any CPU.Build.0 = Debug|Any CPU
		{3FBF3CA9-C815-7AEE-3B20-5DE38D9C5EA3}.Release|Any CPU.ActiveCfg = Release|Any CPU
		{3FBF3CA9-C815-7AEE-3B20-5DE38D9C5EA3}.Release|Any CPU.Build.0 = Release|Any CPU
		{7E1CF662-42D1-500F-F1C7-2975DF51FCFD}.Debug|Any CPU.ActiveCfg = Debug|Any CPU
		{7E1CF662-42D1-500F-F1C7-2975DF51FCFD}.Debug|Any CPU.Build.0 = Debug|Any CPU
		{7E1CF662-42D1-500F-F1C7-2975DF51FCFD}.Release|Any CPU.ActiveCfg = Release|Any CPU
		{7E1CF662-42D1-500F-F1C7-2975DF51FCFD}.Release|Any CPU.Build.0 = Release|Any CPU
		{655FABA1-4D68-67E6-402E-4D2E88369954}.Debug|Any CPU.ActiveCfg = Debug|Any CPU
		{655FABA1-4D68-67E6-402E-4D2E88369954}.Debug|Any CPU.Build.0 = Debug|Any CPU
		{655FABA1-4D68-67E6-402E-4D2E88369954}.Release|Any CPU.ActiveCfg = Release|Any CPU
		{655FABA1-4D68-67E6-402E-4D2E88369954}.Release|Any CPU.Build.0 = Release|Any CPU
	EndGlobalSection
	GlobalSection(SolutionProperties) = preSolution
		HideSolutionNode = FALSE
	EndGlobalSection
EndGlobal
